
Microsoft Visual Studio Solution File, Format Version 12.00
# Visual Studio Version 17
VisualStudioVersion = 17.4.33110.190
MinimumVisualStudioVersion = 10.0.40219.1
Project("{FAE04EC0-301F-11D3-BF4B-00C04F79EFBC}") = "UP 4.1 Graphic interface", "UP 4 Graphic interface\UP 4.1 Graphic interface.csproj", "{036EE092-04D6-4B34-BFA5-7C77A9CDC00E}"
EndProject
Project("{FAE04EC0-301F-11D3-BF4B-00C04F79EFBC}") = "UP 4.2 Graphic interface", "UP 4.2 Graphic interface\UP 4.2 Graphic interface.csproj", "{64B932CE-5458-4AB0-B7F6-60B9C395FA58}"
EndProject
Global
	GlobalSection(SolutionConfigurationPlatforms) = preSolution
		Debug|Any CPU = Debug|Any CPU
		Release|Any CPU = Release|Any CPU
	EndGlobalSection
	GlobalSection(ProjectConfigurationPlatforms) = postSolution
		{036EE092-04D6-4B34-BFA5-7C77A9CDC00E}.Debug|Any CPU.ActiveCfg = Debug|Any CPU
		{036EE092-04D6-4B34-BFA5-7C77A9CDC00E}.Debug|Any CPU.Build.0 = Debug|Any CPU
		{036EE092-04D6-4B34-BFA5-7C77A9CDC00E}.Release|Any CPU.ActiveCfg = Release|Any CPU
		{036EE092-04D6-4B34-BFA5-7C77A9CDC00E}.Release|Any CPU.Build.0 = Release|Any CPU
		{64B932CE-5458-4AB0-B7F6-60B9C395FA58}.Debug|Any CPU.ActiveCfg = Debug|Any CPU
		{64B932CE-5458-4AB0-B7F6-60B9C395FA58}.Debug|Any CPU.Build.0 = Debug|Any CPU
		{64B932CE-5458-4AB0-B7F6-60B9C395FA58}.Release|Any CPU.ActiveCfg = Release|Any CPU
		{64B932CE-5458-4AB0-B7F6-60B9C395FA58}.Release|Any CPU.Build.0 = Release|Any CPU
	EndGlobalSection
	GlobalSection(SolutionProperties) = preSolution
		HideSolutionNode = FALSE
	EndGlobalSection
	GlobalSection(ExtensibilityGlobals) = postSolution
		SolutionGuid = {9FFB3D0F-BEFB-4B3E-BD04-AC75B8AC54F6}
	EndGlobalSection
EndGlobal
